
Microsoft Visual Studio Solution File, Format Version 12.00
# Visual Studio 14
VisualStudioVersion = 14.0.23107.0
MinimumVisualStudioVersion = 10.0.40219.1
Project("{FAE04EC0-301F-11D3-BF4B-00C04F79EFBC}") = "ClientSide_Lab_1", "ClientSide_Lab_1\ClientSide_Lab_1.csproj", "{614C5F2E-DD75-42DF-8D23-E0EA996EB0DE}"
EndProject
Global
	GlobalSection(SolutionConfigurationPlatforms) = preSolution
		Debug|Any CPU = Debug|Any CPU
		Release|Any CPU = Release|Any CPU
	EndGlobalSection
	GlobalSection(ProjectConfigurationPlatforms) = postSolution
		{614C5F2E-DD75-42DF-8D23-E0EA996EB0DE}.Debug|Any CPU.ActiveCfg = Debug|Any CPU
		{614C5F2E-DD75-42DF-8D23-E0EA996EB0DE}.Debug|Any CPU.Build.0 = Debug|Any CPU
		{614C5F2E-DD75-42DF-8D23-E0EA996EB0DE}.Release|Any CPU.ActiveCfg = Release|Any CPU
		{614C5F2E-DD75-42DF-8D23-E0EA996EB0DE}.Release|Any CPU.Build.0 = Release|Any CPU
	EndGlobalSection
	GlobalSection(SolutionProperties) = preSolution
		HideSolutionNode = FALSE
	EndGlobalSection
EndGlobal
